
Microsoft Visual Studio Solution File, Format Version 12.00
# Visual Studio Version 17
VisualStudioVersion = 17.14.36221.1 d17.14
MinimumVisualStudioVersion = 10.0.40219.1
Project("{FAE04EC0-301F-11D3-BF4B-00C04F79EFBC}") = "MuhametshinLanguage", "MuhametshinLanguage.csproj", "{53FFCF24-7A65-41ED-97B0-F740B5BFCD92}"
EndProject
Global
	GlobalSection(SolutionConfigurationPlatforms) = preSolution
		Debug|Any CPU = Debug|Any CPU
		Release|Any CPU = Release|Any CPU
	EndGlobalSection
	GlobalSection(ProjectConfigurationPlatforms) = postSolution
		{53FFCF24-7A65-41ED-97B0-F740B5BFCD92}.Debug|Any CPU.ActiveCfg = Debug|Any CPU
		{53FFCF24-7A65-41ED-97B0-F740B5BFCD92}.Debug|Any CPU.Build.0 = Debug|Any CPU
		{53FFCF24-7A65-41ED-97B0-F740B5BFCD92}.Release|Any CPU.ActiveCfg = Release|Any CPU
		{53FFCF24-7A65-41ED-97B0-F740B5BFCD92}.Release|Any CPU.Build.0 = Release|Any CPU
	EndGlobalSection
	GlobalSection(SolutionProperties) = preSolution
		HideSolutionNode = FALSE
	EndGlobalSection
	GlobalSection(ExtensibilityGlobals) = postSolution
		SolutionGuid = {221B2655-7578-4F6D-AA54-F8C29BF7CB40}
	EndGlobalSection
EndGlobal
